{
  "pins" : [
    {
      "identity" : "differencekit",
      "kind" : "remoteSourceControl",
      "location" : "https://github.com/tobiasjordan/DifferenceKit.git",
      "state" : {
        "branch" : "bugfix/NSTableView-batch-updates",
        "revision" : "4139c9e8c4fe9f136c21b80e4127ac0c851cbdca"
      }
    }
  ],
  "version" : 2
}
